
Microsoft Visual Studio Solution File, Format Version 11.00
# Visual Studio 2010
Project("{2150E333-8FDC-42A3-9474-1A3956D46DE8}") = "Resources", "Resources", "{1848F99C-92B2-4299-9F0D-6BCC6C501968}"
EndProject
Project("{F184B08F-C81C-45F6-A57F-5ABD9991F28F}") = "DSWindowsIDE", "DSWindowsIDE\DSWindowsIDE.vbproj", "{C006B85E-5269-4137-8979-8AC99F19158A}"
EndProject
Project("{F184B08F-C81C-45F6-A57F-5ABD9991F28F}") = "DSCommandLineInterpreter", "DSCommandLineInterpreter\DSCommandLineInterpreter.vbproj", "{D77A35C2-FE11-4206-9B6F-3D037620FF2B}"
EndProject
Project("{F184B08F-C81C-45F6-A57F-5ABD9991F28F}") = "DSWebParts", "DSWebParts\DSWebParts.vbproj", "{3CBBBCA7-DFC4-4826-9990-7DF7D50FB8BD}"
EndProject
Project("{F184B08F-C81C-45F6-A57F-5ABD9991F28F}") = "DSLibrary", "DSLibrary\DSLibrary.vbproj", "{E33A3AB7-446E-4B3D-BC56-DADC5EE97A99}"
EndProject
Project("{F184B08F-C81C-45F6-A57F-5ABD9991F28F}") = "DSIExecutionSessionWorker", "DSIExecutionSessionWorker\DSIExecutionSessionWorker.vbproj", "{1DE7A26F-6C77-49EC-9C28-E55512C83BA2}"
EndProject
Project("{F184B08F-C81C-45F6-A57F-5ABD9991F28F}") = "DSExprResolutionUtility", "DSExprResolutionUtility\DSExprResolutionUtility.vbproj", "{DB86A4F8-E66B-42ED-B4E0-2BA6020CB1E8}"
EndProject
Project("{F184B08F-C81C-45F6-A57F-5ABD9991F28F}") = "DSExperimentation", "DSExperimentation\DSExperimentation.vbproj", "{774929EB-1250-4BBB-98A5-38ABCDBE1D0F}"
EndProject
Project("{54435603-DBB4-11D2-8724-00A0C9A8B90C}") = "DSSetup", "DSSetup\DSSetup.vdproj", "{43D57956-89D5-42EC-957F-00C61BE321FC}"
EndProject
Project("{2150E333-8FDC-42A3-9474-1A3956D46DE8}") = "DSInteractive", "DSInteractive", "{52F74C4F-15D1-463C-8FD5-E4274F5DCE9D}"
EndProject
Project("{2150E333-8FDC-42A3-9474-1A3956D46DE8}") = "DSDesktopComponents", "DSDesktopComponents", "{CA3714F9-2DBB-4DDC-B7CC-4EA61C22F518}"
EndProject
Project("{2150E333-8FDC-42A3-9474-1A3956D46DE8}") = "DSPipeliningFiles", "DSPipeliningFiles", "{EC5F1333-BCB6-4A5D-B64C-00817FFC2C6A}"
	ProjectSection(SolutionItems) = preProject
		_Resources\DSPipelining\_CompileAll.PS1 = _Resources\DSPipelining\_CompileAll.PS1
		_Resources\DSPipelining\DSCompile.VB = _Resources\DSPipelining\DSCompile.VB
		_Resources\DSPipelining\DSExec.VB = _Resources\DSPipelining\DSExec.VB
		_Resources\DSPipelining\DSLex.VB = _Resources\DSPipelining\DSLex.VB
		_Resources\DSPipelining\DSLexExpr.VB = _Resources\DSPipelining\DSLexExpr.VB
		_Resources\DSPipelining\DSOptimise.VB = _Resources\DSPipelining\DSOptimise.VB
		_Resources\DSPipelining\DSParse.VB = _Resources\DSPipelining\DSParse.VB
		_Resources\DSPipelining\DSProgXMLToSource.VB = _Resources\DSPipelining\DSProgXMLToSource.VB
		_Resources\DSPipelining\DSResolveExpr.VB = _Resources\DSPipelining\DSResolveExpr.VB
		_Resources\DSPipelining\GetText.VB = _Resources\DSPipelining\GetText.VB
	EndProjectSection
EndProject
Project("{2150E333-8FDC-42A3-9474-1A3956D46DE8}") = "Misc.", "Misc.", "{349A1308-BE7C-4D4F-9E49-1FE5B5F2FE9E}"
	ProjectSection(SolutionItems) = preProject
		_Resources\DocScript.Signing.snk = _Resources\DocScript.Signing.snk
		_Resources\OldAndUnneeded.VB = _Resources\OldAndUnneeded.VB
	EndProjectSection
EndProject
Project("{2150E333-8FDC-42A3-9474-1A3956D46DE8}") = "DocumentationFiles", "DocumentationFiles", "{B627F71C-6AEF-493B-BA2C-862743D9E316}"
	ProjectSection(SolutionItems) = preProject
		.gitattributes = .gitattributes
		.gitignore = .gitignore
		_Resources\Documentation\ConventionsAndNotes.txt = _Resources\Documentation\ConventionsAndNotes.txt
		LICENSE.txt = LICENSE.txt
		README.md = README.md
	EndProjectSection
EndProject
Global
	GlobalSection(SolutionConfigurationPlatforms) = preSolution
		Debug|Any CPU = Debug|Any CPU
		Debug|Mixed Platforms = Debug|Mixed Platforms
		Debug|x86 = Debug|x86
		Release|Any CPU = Release|Any CPU
		Release|Mixed Platforms = Release|Mixed Platforms
		Release|x86 = Release|x86
		Description = The master Solution for DocScript Desktop and Web!
	EndGlobalSection
	GlobalSection(ProjectConfigurationPlatforms) = postSolution
		{C006B85E-5269-4137-8979-8AC99F19158A}.Debug|Any CPU.ActiveCfg = Debug|x86
		{C006B85E-5269-4137-8979-8AC99F19158A}.Debug|Mixed Platforms.ActiveCfg = Debug|x86
		{C006B85E-5269-4137-8979-8AC99F19158A}.Debug|Mixed Platforms.Build.0 = Debug|x86
		{C006B85E-5269-4137-8979-8AC99F19158A}.Debug|x86.ActiveCfg = Debug|x86
		{C006B85E-5269-4137-8979-8AC99F19158A}.Debug|x86.Build.0 = Debug|x86
		{C006B85E-5269-4137-8979-8AC99F19158A}.Release|Any CPU.ActiveCfg = Release|x86
		{C006B85E-5269-4137-8979-8AC99F19158A}.Release|Mixed Platforms.ActiveCfg = Release|x86
		{C006B85E-5269-4137-8979-8AC99F19158A}.Release|Mixed Platforms.Build.0 = Release|x86
		{C006B85E-5269-4137-8979-8AC99F19158A}.Release|x86.ActiveCfg = Release|x86
		{C006B85E-5269-4137-8979-8AC99F19158A}.Release|x86.Build.0 = Release|x86
		{D77A35C2-FE11-4206-9B6F-3D037620FF2B}.Debug|Any CPU.ActiveCfg = Debug|x86
		{D77A35C2-FE11-4206-9B6F-3D037620FF2B}.Debug|Mixed Platforms.ActiveCfg = Debug|x86
		{D77A35C2-FE11-4206-9B6F-3D037620FF2B}.Debug|Mixed Platforms.Build.0 = Debug|x86
		{D77A35C2-FE11-4206-9B6F-3D037620FF2B}.Debug|x86.ActiveCfg = Debug|x86
		{D77A35C2-FE11-4206-9B6F-3D037620FF2B}.Debug|x86.Build.0 = Debug|x86
		{D77A35C2-FE11-4206-9B6F-3D037620FF2B}.Release|Any CPU.ActiveCfg = Release|x86
		{D77A35C2-FE11-4206-9B6F-3D037620FF2B}.Release|Mixed Platforms.ActiveCfg = Release|x86
		{D77A35C2-FE11-4206-9B6F-3D037620FF2B}.Release|Mixed Platforms.Build.0 = Release|x86
		{D77A35C2-FE11-4206-9B6F-3D037620FF2B}.Release|x86.ActiveCfg = Release|x86
		{D77A35C2-FE11-4206-9B6F-3D037620FF2B}.Release|x86.Build.0 = Release|x86
		{3CBBBCA7-DFC4-4826-9990-7DF7D50FB8BD}.Debug|Any CPU.ActiveCfg = Debug|Any CPU
		{3CBBBCA7-DFC4-4826-9990-7DF7D50FB8BD}.Debug|Any CPU.Build.0 = Debug|Any CPU
		{3CBBBCA7-DFC4-4826-9990-7DF7D50FB8BD}.Debug|Mixed Platforms.ActiveCfg = Debug|Any CPU
		{3CBBBCA7-DFC4-4826-9990-7DF7D50FB8BD}.Debug|Mixed Platforms.Build.0 = Debug|Any CPU
		{3CBBBCA7-DFC4-4826-9990-7DF7D50FB8BD}.Debug|x86.ActiveCfg = Debug|Any CPU
		{3CBBBCA7-DFC4-4826-9990-7DF7D50FB8BD}.Release|Any CPU.ActiveCfg = Release|Any CPU
		{3CBBBCA7-DFC4-4826-9990-7DF7D50FB8BD}.Release|Any CPU.Build.0 = Release|Any CPU
		{3CBBBCA7-DFC4-4826-9990-7DF7D50FB8BD}.Release|Mixed Platforms.ActiveCfg = Release|Any CPU
		{3CBBBCA7-DFC4-4826-9990-7DF7D50FB8BD}.Release|Mixed Platforms.Build.0 = Release|Any CPU
		{3CBBBCA7-DFC4-4826-9990-7DF7D50FB8BD}.Release|x86.ActiveCfg = Release|Any CPU
		{E33A3AB7-446E-4B3D-BC56-DADC5EE97A99}.Debug|Any CPU.ActiveCfg = Debug|Any CPU
		{E33A3AB7-446E-4B3D-BC56-DADC5EE97A99}.Debug|Any CPU.Build.0 = Debug|Any CPU
		{E33A3AB7-446E-4B3D-BC56-DADC5EE97A99}.Debug|Mixed Platforms.ActiveCfg = Debug|Any CPU
		{E33A3AB7-446E-4B3D-BC56-DADC5EE97A99}.Debug|Mixed Platforms.Build.0 = Debug|Any CPU
		{E33A3AB7-446E-4B3D-BC56-DADC5EE97A99}.Debug|x86.ActiveCfg = Debug|Any CPU
		{E33A3AB7-446E-4B3D-BC56-DADC5EE97A99}.Release|Any CPU.ActiveCfg = Release|Any CPU
		{E33A3AB7-446E-4B3D-BC56-DADC5EE97A99}.Release|Any CPU.Build.0 = Release|Any CPU
		{E33A3AB7-446E-4B3D-BC56-DADC5EE97A99}.Release|Mixed Platforms.ActiveCfg = Release|Any CPU
		{E33A3AB7-446E-4B3D-BC56-DADC5EE97A99}.Release|Mixed Platforms.Build.0 = Release|Any CPU
		{E33A3AB7-446E-4B3D-BC56-DADC5EE97A99}.Release|x86.ActiveCfg = Release|Any CPU
		{1DE7A26F-6C77-49EC-9C28-E55512C83BA2}.Debug|Any CPU.ActiveCfg = Debug|x86
		{1DE7A26F-6C77-49EC-9C28-E55512C83BA2}.Debug|Mixed Platforms.ActiveCfg = Debug|x86
		{1DE7A26F-6C77-49EC-9C28-E55512C83BA2}.Debug|Mixed Platforms.Build.0 = Debug|x86
		{1DE7A26F-6C77-49EC-9C28-E55512C83BA2}.Debug|x86.ActiveCfg = Debug|x86
		{1DE7A26F-6C77-49EC-9C28-E55512C83BA2}.Debug|x86.Build.0 = Debug|x86
		{1DE7A26F-6C77-49EC-9C28-E55512C83BA2}.Release|Any CPU.ActiveCfg = Release|x86
		{1DE7A26F-6C77-49EC-9C28-E55512C83BA2}.Release|Mixed Platforms.ActiveCfg = Release|x86
		{1DE7A26F-6C77-49EC-9C28-E55512C83BA2}.Release|Mixed Platforms.Build.0 = Release|x86
		{1DE7A26F-6C77-49EC-9C28-E55512C83BA2}.Release|x86.ActiveCfg = Release|x86
		{1DE7A26F-6C77-49EC-9C28-E55512C83BA2}.Release|x86.Build.0 = Release|x86
		{DB86A4F8-E66B-42ED-B4E0-2BA6020CB1E8}.Debug|Any CPU.ActiveCfg = Debug|x86
		{DB86A4F8-E66B-42ED-B4E0-2BA6020CB1E8}.Debug|Mixed Platforms.ActiveCfg = Debug|x86
		{DB86A4F8-E66B-42ED-B4E0-2BA6020CB1E8}.Debug|Mixed Platforms.Build.0 = Debug|x86
		{DB86A4F8-E66B-42ED-B4E0-2BA6020CB1E8}.Debug|x86.ActiveCfg = Debug|x86
		{DB86A4F8-E66B-42ED-B4E0-2BA6020CB1E8}.Debug|x86.Build.0 = Debug|x86
		{DB86A4F8-E66B-42ED-B4E0-2BA6020CB1E8}.Release|Any CPU.ActiveCfg = Release|x86
		{DB86A4F8-E66B-42ED-B4E0-2BA6020CB1E8}.Release|Mixed Platforms.ActiveCfg = Release|x86
		{DB86A4F8-E66B-42ED-B4E0-2BA6020CB1E8}.Release|Mixed Platforms.Build.0 = Release|x86
		{DB86A4F8-E66B-42ED-B4E0-2BA6020CB1E8}.Release|x86.ActiveCfg = Release|x86
		{DB86A4F8-E66B-42ED-B4E0-2BA6020CB1E8}.Release|x86.Build.0 = Release|x86
		{774929EB-1250-4BBB-98A5-38ABCDBE1D0F}.Debug|Any CPU.ActiveCfg = Debug|x86
		{774929EB-1250-4BBB-98A5-38ABCDBE1D0F}.Debug|Mixed Platforms.ActiveCfg = Debug|x86
		{774929EB-1250-4BBB-98A5-38ABCDBE1D0F}.Debug|Mixed Platforms.Build.0 = Debug|x86
		{774929EB-1250-4BBB-98A5-38ABCDBE1D0F}.Debug|x86.ActiveCfg = Debug|x86
		{774929EB-1250-4BBB-98A5-38ABCDBE1D0F}.Debug|x86.Build.0 = Debug|x86
		{774929EB-1250-4BBB-98A5-38ABCDBE1D0F}.Release|Any CPU.ActiveCfg = Release|x86
		{774929EB-1250-4BBB-98A5-38ABCDBE1D0F}.Release|Mixed Platforms.ActiveCfg = Release|x86
		{774929EB-1250-4BBB-98A5-38ABCDBE1D0F}.Release|Mixed Platforms.Build.0 = Release|x86
		{774929EB-1250-4BBB-98A5-38ABCDBE1D0F}.Release|x86.ActiveCfg = Release|x86
		{774929EB-1250-4BBB-98A5-38ABCDBE1D0F}.Release|x86.Build.0 = Release|x86
		{43D57956-89D5-42EC-957F-00C61BE321FC}.Debug|Any CPU.ActiveCfg = Debug
		{43D57956-89D5-42EC-957F-00C61BE321FC}.Debug|Mixed Platforms.ActiveCfg = Debug
		{43D57956-89D5-42EC-957F-00C61BE321FC}.Debug|x86.ActiveCfg = Debug
		{43D57956-89D5-42EC-957F-00C61BE321FC}.Release|Any CPU.ActiveCfg = Release
		{43D57956-89D5-42EC-957F-00C61BE321FC}.Release|Mixed Platforms.ActiveCfg = Release
		{43D57956-89D5-42EC-957F-00C61BE321FC}.Release|x86.ActiveCfg = Release
	EndGlobalSection
	GlobalSection(SolutionProperties) = preSolution
		HideSolutionNode = FALSE
	EndGlobalSection
	GlobalSection(NestedProjects) = preSolution
		{EC5F1333-BCB6-4A5D-B64C-00817FFC2C6A} = {1848F99C-92B2-4299-9F0D-6BCC6C501968}
		{349A1308-BE7C-4D4F-9E49-1FE5B5F2FE9E} = {1848F99C-92B2-4299-9F0D-6BCC6C501968}
		{B627F71C-6AEF-493B-BA2C-862743D9E316} = {1848F99C-92B2-4299-9F0D-6BCC6C501968}
		{D77A35C2-FE11-4206-9B6F-3D037620FF2B} = {CA3714F9-2DBB-4DDC-B7CC-4EA61C22F518}
		{DB86A4F8-E66B-42ED-B4E0-2BA6020CB1E8} = {CA3714F9-2DBB-4DDC-B7CC-4EA61C22F518}
		{43D57956-89D5-42EC-957F-00C61BE321FC} = {CA3714F9-2DBB-4DDC-B7CC-4EA61C22F518}
		{C006B85E-5269-4137-8979-8AC99F19158A} = {CA3714F9-2DBB-4DDC-B7CC-4EA61C22F518}
		{1DE7A26F-6C77-49EC-9C28-E55512C83BA2} = {52F74C4F-15D1-463C-8FD5-E4274F5DCE9D}
		{3CBBBCA7-DFC4-4826-9990-7DF7D50FB8BD} = {52F74C4F-15D1-463C-8FD5-E4274F5DCE9D}
	EndGlobalSection
	GlobalSection(ExtensibilityGlobals) = postSolution
		SolutionGuid = {8B80D8DB-F894-42C8-B030-7568E2F2102B}
	EndGlobalSection
EndGlobal
